
Microsoft Visual Studio Solution File, Format Version 12.00
# Visual Studio Version 16
VisualStudioVersion = 16.0.809.7
MinimumVisualStudioVersion = 10.0.40219.1
Project("{FAE04EC0-301F-11D3-BF4B-00C04F79EFBC}") = "Hotfix", "Hotfix\Hotfix.csproj", "{7CD916FD-A91B-4192-B21C-FC21DF55FE94}"
EndProject
Global
	GlobalSection(SolutionConfigurationPlatforms) = preSolution
		Debug|Any CPU = Debug|Any CPU
		Release|Any CPU = Release|Any CPU
	EndGlobalSection
	GlobalSection(ProjectConfigurationPlatforms) = postSolution
		{7CD916FD-A91B-4192-B21C-FC21DF55FE94}.Debug|Any CPU.ActiveCfg = Debug|Any CPU
		{7CD916FD-A91B-4192-B21C-FC21DF55FE94}.Debug|Any CPU.Build.0 = Debug|Any CPU
		{7CD916FD-A91B-4192-B21C-FC21DF55FE94}.Release|Any CPU.ActiveCfg = Release|Any CPU
		{7CD916FD-A91B-4192-B21C-FC21DF55FE94}.Release|Any CPU.Build.0 = Release|Any CPU
	EndGlobalSection
	GlobalSection(SolutionProperties) = preSolution
		HideSolutionNode = FALSE
	EndGlobalSection
	GlobalSection(ExtensibilityGlobals) = postSolution
		SolutionGuid = {5141F874-E2BE-4FDF-8B05-4003D0C16505}
	EndGlobalSection
EndGlobal
