
Microsoft Visual Studio Solution File, Format Version 12.00
# Visual Studio Version 16
VisualStudioVersion = 16.0.809.7
MinimumVisualStudioVersion = 10.0.40219.1
Project("{FAE04EC0-301F-11D3-BF4B-00C04F79EFBC}") = "NetDemo", "NetDemo\NetDemo.csproj", "{15442309-FE02-4970-BF7F-41C7CCE9505C}"
EndProject
Global
	GlobalSection(SolutionConfigurationPlatforms) = preSolution
		Debug|Any CPU = Debug|Any CPU
		Release|Any CPU = Release|Any CPU
	EndGlobalSection
	GlobalSection(ProjectConfigurationPlatforms) = postSolution
		{15442309-FE02-4970-BF7F-41C7CCE9505C}.Debug|Any CPU.ActiveCfg = Debug|Any CPU
		{15442309-FE02-4970-BF7F-41C7CCE9505C}.Debug|Any CPU.Build.0 = Debug|Any CPU
		{15442309-FE02-4970-BF7F-41C7CCE9505C}.Release|Any CPU.ActiveCfg = Release|Any CPU
		{15442309-FE02-4970-BF7F-41C7CCE9505C}.Release|Any CPU.Build.0 = Release|Any CPU
	EndGlobalSection
	GlobalSection(SolutionProperties) = preSolution
		HideSolutionNode = FALSE
	EndGlobalSection
	GlobalSection(ExtensibilityGlobals) = postSolution
		SolutionGuid = {8CB22B3D-CB2F-450E-B549-F951FD22146C}
	EndGlobalSection
EndGlobal
