
Microsoft Visual Studio Solution File, Format Version 12.00
# Visual Studio 15
Project("{FAE04EC0-301F-11D3-BF4B-00C04F79EFBC}") = "Assembly-CSharp", "Assembly-CSharp.csproj", "{E9C14AE5-1D01-3179-C1CD-FA0858BD35C2}"
EndProject
Project("{FAE04EC0-301F-11D3-BF4B-00C04F79EFBC}") = "Assembly-CSharp-firstpass", "Assembly-CSharp-firstpass.csproj", "{AB10F42A-142C-90B3-1AA5-F99EAFFD87CA}"
EndProject
Project("{FAE04EC0-301F-11D3-BF4B-00C04F79EFBC}") = "Assembly-CSharp-Editor", "Assembly-CSharp-Editor.csproj", "{52C1C003-50BF-4B7E-2680-67862BAF02DA}"
EndProject
Project("{FAE04EC0-301F-11D3-BF4B-00C04F79EFBC}") = "Assembly-CSharp-Editor-firstpass", "Assembly-CSharp-Editor-firstpass.csproj", "{2B350C73-4F7C-3163-D255-0B95FBE10ADA}"
EndProject
Global
	GlobalSection(SolutionConfigurationPlatforms) = preSolution
		Debug|Any CPU = Debug|Any CPU
		Release|Any CPU = Release|Any CPU
	EndGlobalSection
	GlobalSection(ProjectConfigurationPlatforms) = postSolution
		{E9C14AE5-1D01-3179-C1CD-FA0858BD35C2}.Debug|Any CPU.ActiveCfg = Debug|Any CPU
		{E9C14AE5-1D01-3179-C1CD-FA0858BD35C2}.Debug|Any CPU.Build.0 = Debug|Any CPU
		{E9C14AE5-1D01-3179-C1CD-FA0858BD35C2}.Release|Any CPU.ActiveCfg = Release|Any CPU
		{E9C14AE5-1D01-3179-C1CD-FA0858BD35C2}.Release|Any CPU.Build.0 = Release|Any CPU
		{AB10F42A-142C-90B3-1AA5-F99EAFFD87CA}.Debug|Any CPU.ActiveCfg = Debug|Any CPU
		{AB10F42A-142C-90B3-1AA5-F99EAFFD87CA}.Debug|Any CPU.Build.0 = Debug|Any CPU
		{AB10F42A-142C-90B3-1AA5-F99EAFFD87CA}.Release|Any CPU.ActiveCfg = Release|Any CPU
		{AB10F42A-142C-90B3-1AA5-F99EAFFD87CA}.Release|Any CPU.Build.0 = Release|Any CPU
		{52C1C003-50BF-4B7E-2680-67862BAF02DA}.Debug|Any CPU.ActiveCfg = Debug|Any CPU
		{52C1C003-50BF-4B7E-2680-67862BAF02DA}.Debug|Any CPU.Build.0 = Debug|Any CPU
		{52C1C003-50BF-4B7E-2680-67862BAF02DA}.Release|Any CPU.ActiveCfg = Release|Any CPU
		{52C1C003-50BF-4B7E-2680-67862BAF02DA}.Release|Any CPU.Build.0 = Release|Any CPU
		{2B350C73-4F7C-3163-D255-0B95FBE10ADA}.Debug|Any CPU.ActiveCfg = Debug|Any CPU
		{2B350C73-4F7C-3163-D255-0B95FBE10ADA}.Debug|Any CPU.Build.0 = Debug|Any CPU
		{2B350C73-4F7C-3163-D255-0B95FBE10ADA}.Release|Any CPU.ActiveCfg = Release|Any CPU
		{2B350C73-4F7C-3163-D255-0B95FBE10ADA}.Release|Any CPU.Build.0 = Release|Any CPU
	EndGlobalSection
	GlobalSection(SolutionProperties) = preSolution
		HideSolutionNode = FALSE
	EndGlobalSection
EndGlobal
