
Microsoft Visual Studio Solution File, Format Version 11.00
# Visual Studio 2010
Project("{FAE04EC0-301F-11D3-BF4B-00C04F79EFBC}") = "Assembly-CSharp", "Assembly-CSharp.csproj", "{b8457986-5c75-ae27-7ce2-68a275b91fb5}"
EndProject
Project("{FAE04EC0-301F-11D3-BF4B-00C04F79EFBC}") = "Assembly-CSharp-firstpass", "Assembly-CSharp-firstpass.csproj", "{e05a199d-d5f9-9697-2fa8-b771476ad697}"
EndProject
Project("{FAE04EC0-301F-11D3-BF4B-00C04F79EFBC}") = "Assembly-CSharp-Editor", "Assembly-CSharp-Editor.csproj", "{0d902984-f202-ea94-cd80-4202ac62fa64}"
EndProject
Project("{FAE04EC0-301F-11D3-BF4B-00C04F79EFBC}") = "Assembly-CSharp-Editor-firstpass", "Assembly-CSharp-Editor-firstpass.csproj", "{92add987-0f90-9401-01b7-239367910ac9}"
EndProject
Global
	GlobalSection(SolutionConfigurationPlatforms) = preSolution
		Debug|Any CPU = Debug|Any CPU
	EndGlobalSection
	GlobalSection(ProjectConfigurationPlatforms) = postSolution
		{b8457986-5c75-ae27-7ce2-68a275b91fb5}.Debug|Any CPU.ActiveCfg = Debug|Any CPU
		{b8457986-5c75-ae27-7ce2-68a275b91fb5}.Debug|Any CPU.Build.0 = Debug|Any CPU
		{e05a199d-d5f9-9697-2fa8-b771476ad697}.Debug|Any CPU.ActiveCfg = Debug|Any CPU
		{e05a199d-d5f9-9697-2fa8-b771476ad697}.Debug|Any CPU.Build.0 = Debug|Any CPU
		{0d902984-f202-ea94-cd80-4202ac62fa64}.Debug|Any CPU.ActiveCfg = Debug|Any CPU
		{0d902984-f202-ea94-cd80-4202ac62fa64}.Debug|Any CPU.Build.0 = Debug|Any CPU
		{92add987-0f90-9401-01b7-239367910ac9}.Debug|Any CPU.ActiveCfg = Debug|Any CPU
		{92add987-0f90-9401-01b7-239367910ac9}.Debug|Any CPU.Build.0 = Debug|Any CPU
	EndGlobalSection
	GlobalSection(SolutionProperties) = preSolution
		HideSolutionNode = FALSE
	EndGlobalSection
EndGlobal
