
Microsoft Visual Studio Solution File, Format Version 12.00
# Visual Studio Version 16
VisualStudioVersion = 16.0.809.7
MinimumVisualStudioVersion = 10.0.40219.1
Project("{FAE04EC0-301F-11D3-BF4B-00C04F79EFBC}") = "Proto2CS", "Proto2CS.csproj", "{56DB9999-9212-4BD6-8947-84BB8AE9322C}"
EndProject
Global
	GlobalSection(SolutionConfigurationPlatforms) = preSolution
		Debug|Any CPU = Debug|Any CPU
		Release|Any CPU = Release|Any CPU
	EndGlobalSection
	GlobalSection(ProjectConfigurationPlatforms) = postSolution
		{56DB9999-9212-4BD6-8947-84BB8AE9322C}.Debug|Any CPU.ActiveCfg = Debug|Any CPU
		{56DB9999-9212-4BD6-8947-84BB8AE9322C}.Debug|Any CPU.Build.0 = Debug|Any CPU
		{56DB9999-9212-4BD6-8947-84BB8AE9322C}.Release|Any CPU.ActiveCfg = Release|Any CPU
		{56DB9999-9212-4BD6-8947-84BB8AE9322C}.Release|Any CPU.Build.0 = Release|Any CPU
	EndGlobalSection
	GlobalSection(SolutionProperties) = preSolution
		HideSolutionNode = FALSE
	EndGlobalSection
	GlobalSection(ExtensibilityGlobals) = postSolution
		SolutionGuid = {4B30ACD3-2267-4478-86E3-AC23A339BE32}
	EndGlobalSection
EndGlobal
