
Microsoft Visual Studio Solution File, Format Version 12.00
# Visual Studio Version 16
VisualStudioVersion = 16.0.809.7
MinimumVisualStudioVersion = 10.0.40219.1
Project("{FAE04EC0-301F-11D3-BF4B-00C04F79EFBC}") = "CSDemo", "CSDemo\CSDemo.csproj", "{B7703188-6B19-464A-BDF5-9F97697F4589}"
EndProject
Global
	GlobalSection(SolutionConfigurationPlatforms) = preSolution
		Debug|Any CPU = Debug|Any CPU
		Release|Any CPU = Release|Any CPU
	EndGlobalSection
	GlobalSection(ProjectConfigurationPlatforms) = postSolution
		{B7703188-6B19-464A-BDF5-9F97697F4589}.Debug|Any CPU.ActiveCfg = Debug|Any CPU
		{B7703188-6B19-464A-BDF5-9F97697F4589}.Debug|Any CPU.Build.0 = Debug|Any CPU
		{B7703188-6B19-464A-BDF5-9F97697F4589}.Release|Any CPU.ActiveCfg = Release|Any CPU
		{B7703188-6B19-464A-BDF5-9F97697F4589}.Release|Any CPU.Build.0 = Release|Any CPU
	EndGlobalSection
	GlobalSection(SolutionProperties) = preSolution
		HideSolutionNode = FALSE
	EndGlobalSection
	GlobalSection(ExtensibilityGlobals) = postSolution
		SolutionGuid = {AD3236FC-AAAF-43D3-AFE6-AF26FA380B13}
	EndGlobalSection
EndGlobal
