
Microsoft Visual Studio Solution File, Format Version 12.00
# Visual Studio 15
Project("{FAE04EC0-301F-11D3-BF4B-00C04F79EFBC}") = "UniWebView-CSharp", "UniWebView-CSharp.csproj", "{5202E9FA-403F-5B9D-FE7D-0D9DEA996BA8}"
EndProject
Project("{FAE04EC0-301F-11D3-BF4B-00C04F79EFBC}") = "UniWebView-CSharp.Editor", "UniWebView-CSharp.Editor.csproj", "{5E2BCEC5-313D-5B30-B353-625CB7147A31}"
EndProject
Global
	GlobalSection(SolutionConfigurationPlatforms) = preSolution
		Debug|Any CPU = Debug|Any CPU
		Release|Any CPU = Release|Any CPU
	EndGlobalSection
	GlobalSection(ProjectConfigurationPlatforms) = postSolution
		{5202E9FA-403F-5B9D-FE7D-0D9DEA996BA8}.Debug|Any CPU.ActiveCfg = Debug|Any CPU
		{5202E9FA-403F-5B9D-FE7D-0D9DEA996BA8}.Debug|Any CPU.Build.0 = Debug|Any CPU
		{5202E9FA-403F-5B9D-FE7D-0D9DEA996BA8}.Release|Any CPU.ActiveCfg = Release|Any CPU
		{5202E9FA-403F-5B9D-FE7D-0D9DEA996BA8}.Release|Any CPU.Build.0 = Release|Any CPU
		{5E2BCEC5-313D-5B30-B353-625CB7147A31}.Debug|Any CPU.ActiveCfg = Debug|Any CPU
		{5E2BCEC5-313D-5B30-B353-625CB7147A31}.Debug|Any CPU.Build.0 = Debug|Any CPU
		{5E2BCEC5-313D-5B30-B353-625CB7147A31}.Release|Any CPU.ActiveCfg = Release|Any CPU
		{5E2BCEC5-313D-5B30-B353-625CB7147A31}.Release|Any CPU.Build.0 = Release|Any CPU
	EndGlobalSection
	GlobalSection(SolutionProperties) = preSolution
		HideSolutionNode = FALSE
	EndGlobalSection
EndGlobal
