
Microsoft Visual Studio Solution File, Format Version 12.00
# Visual Studio Version 16
VisualStudioVersion = 16.0.809.7
MinimumVisualStudioVersion = 10.0.40219.1
Project("{FAE04EC0-301F-11D3-BF4B-00C04F79EFBC}") = "Hotfix", "..\Hotfix_Test\Hotfix.csproj", "{F11CD76F-C300-450E-81FD-477AE250D537}"
EndProject
Global
	GlobalSection(SolutionConfigurationPlatforms) = preSolution
		Debug|Any CPU = Debug|Any CPU
		Release|Any CPU = Release|Any CPU
	EndGlobalSection
	GlobalSection(ProjectConfigurationPlatforms) = postSolution
		{F11CD76F-C300-450E-81FD-477AE250D537}.Debug|Any CPU.ActiveCfg = Debug|Any CPU
		{F11CD76F-C300-450E-81FD-477AE250D537}.Debug|Any CPU.Build.0 = Debug|Any CPU
		{F11CD76F-C300-450E-81FD-477AE250D537}.Release|Any CPU.ActiveCfg = Release|Any CPU
		{F11CD76F-C300-450E-81FD-477AE250D537}.Release|Any CPU.Build.0 = Release|Any CPU
	EndGlobalSection
	GlobalSection(SolutionProperties) = preSolution
		HideSolutionNode = FALSE
	EndGlobalSection
	GlobalSection(ExtensibilityGlobals) = postSolution
		SolutionGuid = {72BF5EB2-BC7C-4CD1-8CFA-0833EB1C7CA3}
	EndGlobalSection
EndGlobal
