
Microsoft Visual Studio Solution File, Format Version 12.00
# Visual Studio 15
Project("{FAE04EC0-301F-11D3-BF4B-00C04F79EFBC}") = "Assembly-CSharp", "Assembly-CSharp.csproj", "{79ECB820-0F19-0B36-EF58-7F37EAC910C6}"
EndProject
Project("{FAE04EC0-301F-11D3-BF4B-00C04F79EFBC}") = "Assembly-CSharp-Editor", "Assembly-CSharp-Editor.csproj", "{027252D0-1C12-B19E-8015-0B91BD5861B6}"
EndProject
Global
	GlobalSection(SolutionConfigurationPlatforms) = preSolution
		Debug|Any CPU = Debug|Any CPU
		Release|Any CPU = Release|Any CPU
	EndGlobalSection
	GlobalSection(ProjectConfigurationPlatforms) = postSolution
		{79ECB820-0F19-0B36-EF58-7F37EAC910C6}.Debug|Any CPU.ActiveCfg = Debug|Any CPU
		{79ECB820-0F19-0B36-EF58-7F37EAC910C6}.Debug|Any CPU.Build.0 = Debug|Any CPU
		{79ECB820-0F19-0B36-EF58-7F37EAC910C6}.Release|Any CPU.ActiveCfg = Release|Any CPU
		{79ECB820-0F19-0B36-EF58-7F37EAC910C6}.Release|Any CPU.Build.0 = Release|Any CPU
		{027252D0-1C12-B19E-8015-0B91BD5861B6}.Debug|Any CPU.ActiveCfg = Debug|Any CPU
		{027252D0-1C12-B19E-8015-0B91BD5861B6}.Debug|Any CPU.Build.0 = Debug|Any CPU
		{027252D0-1C12-B19E-8015-0B91BD5861B6}.Release|Any CPU.ActiveCfg = Release|Any CPU
		{027252D0-1C12-B19E-8015-0B91BD5861B6}.Release|Any CPU.Build.0 = Release|Any CPU
	EndGlobalSection
	GlobalSection(SolutionProperties) = preSolution
		HideSolutionNode = FALSE
	EndGlobalSection
EndGlobal
