
Microsoft Visual Studio Solution File, Format Version 12.00
# Visual Studio Version 16
VisualStudioVersion = 16.0.809.7
MinimumVisualStudioVersion = 10.0.40219.1
Project("{FAE04EC0-301F-11D3-BF4B-00C04F79EFBC}") = "MyFileServer", "MyFileServer\MyFileServer.csproj", "{86A5D679-8699-4AC7-A8F0-35262F3EFCD2}"
EndProject
Global
	GlobalSection(SolutionConfigurationPlatforms) = preSolution
		Debug|Any CPU = Debug|Any CPU
		Release|Any CPU = Release|Any CPU
	EndGlobalSection
	GlobalSection(ProjectConfigurationPlatforms) = postSolution
		{86A5D679-8699-4AC7-A8F0-35262F3EFCD2}.Debug|Any CPU.ActiveCfg = Debug|Any CPU
		{86A5D679-8699-4AC7-A8F0-35262F3EFCD2}.Debug|Any CPU.Build.0 = Debug|Any CPU
		{86A5D679-8699-4AC7-A8F0-35262F3EFCD2}.Release|Any CPU.ActiveCfg = Release|Any CPU
		{86A5D679-8699-4AC7-A8F0-35262F3EFCD2}.Release|Any CPU.Build.0 = Release|Any CPU
	EndGlobalSection
	GlobalSection(SolutionProperties) = preSolution
		HideSolutionNode = FALSE
	EndGlobalSection
	GlobalSection(ExtensibilityGlobals) = postSolution
		SolutionGuid = {7A7AF3A1-82D8-4BF7-9F8B-DE9251D8B289}
	EndGlobalSection
EndGlobal
